
Microsoft Visual Studio Solution File, Format Version 12.00
# Visual Studio 15
VisualStudioVersion = 15.0.26730.16
MinimumVisualStudioVersion = 10.0.40219.1
Project("{FAE04EC0-301F-11D3-BF4B-00C04F79EFBC}") = "WcfRESTTest", "WcfRESTTest\WcfRESTTest.csproj", "{0D0B66E7-CA7B-43C3-A348-9D4D0C9D7FE3}"
EndProject
Global
	GlobalSection(SolutionConfigurationPlatforms) = preSolution
		Debug|Any CPU = Debug|Any CPU
		Release|Any CPU = Release|Any CPU
	EndGlobalSection
	GlobalSection(ProjectConfigurationPlatforms) = postSolution
		{0D0B66E7-CA7B-43C3-A348-9D4D0C9D7FE3}.Debug|Any CPU.ActiveCfg = Debug|Any CPU
		{0D0B66E7-CA7B-43C3-A348-9D4D0C9D7FE3}.Debug|Any CPU.Build.0 = Debug|Any CPU
		{0D0B66E7-CA7B-43C3-A348-9D4D0C9D7FE3}.Release|Any CPU.ActiveCfg = Release|Any CPU
		{0D0B66E7-CA7B-43C3-A348-9D4D0C9D7FE3}.Release|Any CPU.Build.0 = Release|Any CPU
	EndGlobalSection
	GlobalSection(SolutionProperties) = preSolution
		HideSolutionNode = FALSE
	EndGlobalSection
	GlobalSection(ExtensibilityGlobals) = postSolution
		SolutionGuid = {CD25AB4B-A05B-4A4D-9284-44C257EF68DD}
	EndGlobalSection
EndGlobal
